
Microsoft Visual Studio Solution File, Format Version 12.00
# Visual Studio Version 17
VisualStudioVersion = 17.3.32819.101
MinimumVisualStudioVersion = 10.0.40219.1
Project("{8BC9CEB8-8B4A-11D0-8D11-00A0C91BC942}") = "moran", "moran\moran.vcxproj", "{3469865F-38DB-4C7B-9ABD-29C23B132B86}"
EndProject
Project("{8BC9CEB8-8B4A-11D0-8D11-00A0C91BC942}") = "ex2", "ex2\ex2.vcxproj", "{C46047A1-B796-45A9-86B3-6F577FE4DEB8}"
EndProject
Project("{8BC9CEB8-8B4A-11D0-8D11-00A0C91BC942}") = "ex3", "ex3\ex3.vcxproj", "{90910974-4B15-4AC0-84F8-B9DCFF9C6123}"
EndProject
Project("{8BC9CEB8-8B4A-11D0-8D11-00A0C91BC942}") = "ex4", "ex4\ex4.vcxproj", "{42B0C214-BB2F-454D-8C51-914831435E0A}"
EndProject
Project("{8BC9CEB8-8B4A-11D0-8D11-00A0C91BC942}") = "ex5", "ex5\ex5.vcxproj", "{823250DE-9514-44BD-9C42-F4C2114FC59C}"
EndProject
Project("{8BC9CEB8-8B4A-11D0-8D11-00A0C91BC942}") = "test19", "TEST2023\TEST2023.vcxproj", "{9CAF9BF1-0635-4B08-8625-3A75DFF0C5C2}"
EndProject
Project("{8BC9CEB8-8B4A-11D0-8D11-00A0C91BC942}") = "test18", "test18\test18.vcxproj", "{CE2752BF-A75E-4FBF-B47E-A0E2790D4E61}"
EndProject
Project("{8BC9CEB8-8B4A-11D0-8D11-00A0C91BC942}") = "test17", "test17\test17.vcxproj", "{DE1CFC80-C5A3-423E-9BD8-156255E8BF80}"
EndProject
Project("{8BC9CEB8-8B4A-11D0-8D11-00A0C91BC942}") = "test19try2", "test19try2\test19try2.vcxproj", "{77154BF3-2B7C-4795-BE9F-1C28D56E09AD}"
EndProject
Project("{8BC9CEB8-8B4A-11D0-8D11-00A0C91BC942}") = "try", "try\try.vcxproj", "{E8B40405-46FE-4278-AE11-4B7105156C9E}"
EndProject
Global
	GlobalSection(SolutionConfigurationPlatforms) = preSolution
		Debug|x64 = Debug|x64
		Debug|x86 = Debug|x86
		Release|x64 = Release|x64
		Release|x86 = Release|x86
	EndGlobalSection
	GlobalSection(ProjectConfigurationPlatforms) = postSolution
		{3469865F-38DB-4C7B-9ABD-29C23B132B86}.Debug|x64.ActiveCfg = Debug|x64
		{3469865F-38DB-4C7B-9ABD-29C23B132B86}.Debug|x64.Build.0 = Debug|x64
		{3469865F-38DB-4C7B-9ABD-29C23B132B86}.Debug|x86.ActiveCfg = Debug|Win32
		{3469865F-38DB-4C7B-9ABD-29C23B132B86}.Debug|x86.Build.0 = Debug|Win32
		{3469865F-38DB-4C7B-9ABD-29C23B132B86}.Release|x64.ActiveCfg = Release|x64
		{3469865F-38DB-4C7B-9ABD-29C23B132B86}.Release|x64.Build.0 = Release|x64
		{3469865F-38DB-4C7B-9ABD-29C23B132B86}.Release|x86.ActiveCfg = Release|Win32
		{3469865F-38DB-4C7B-9ABD-29C23B132B86}.Release|x86.Build.0 = Release|Win32
		{C46047A1-B796-45A9-86B3-6F577FE4DEB8}.Debug|x64.ActiveCfg = Debug|x64
		{C46047A1-B796-45A9-86B3-6F577FE4DEB8}.Debug|x64.Build.0 = Debug|x64
		{C46047A1-B796-45A9-86B3-6F577FE4DEB8}.Debug|x86.ActiveCfg = Debug|Win32
		{C46047A1-B796-45A9-86B3-6F577FE4DEB8}.Debug|x86.Build.0 = Debug|Win32
		{C46047A1-B796-45A9-86B3-6F577FE4DEB8}.Release|x64.ActiveCfg = Release|x64
		{C46047A1-B796-45A9-86B3-6F577FE4DEB8}.Release|x64.Build.0 = Release|x64
		{C46047A1-B796-45A9-86B3-6F577FE4DEB8}.Release|x86.ActiveCfg = Release|Win32
		{C46047A1-B796-45A9-86B3-6F577FE4DEB8}.Release|x86.Build.0 = Release|Win32
		{90910974-4B15-4AC0-84F8-B9DCFF9C6123}.Debug|x64.ActiveCfg = Debug|x64
		{90910974-4B15-4AC0-84F8-B9DCFF9C6123}.Debug|x64.Build.0 = Debug|x64
		{90910974-4B15-4AC0-84F8-B9DCFF9C6123}.Debug|x86.ActiveCfg = Debug|Win32
		{90910974-4B15-4AC0-84F8-B9DCFF9C6123}.Debug|x86.Build.0 = Debug|Win32
		{90910974-4B15-4AC0-84F8-B9DCFF9C6123}.Release|x64.ActiveCfg = Release|x64
		{90910974-4B15-4AC0-84F8-B9DCFF9C6123}.Release|x64.Build.0 = Release|x64
		{90910974-4B15-4AC0-84F8-B9DCFF9C6123}.Release|x86.ActiveCfg = Release|Win32
		{90910974-4B15-4AC0-84F8-B9DCFF9C6123}.Release|x86.Build.0 = Release|Win32
		{42B0C214-BB2F-454D-8C51-914831435E0A}.Debug|x64.ActiveCfg = Debug|x64
		{42B0C214-BB2F-454D-8C51-914831435E0A}.Debug|x64.Build.0 = Debug|x64
		{42B0C214-BB2F-454D-8C51-914831435E0A}.Debug|x86.ActiveCfg = Debug|Win32
		{42B0C214-BB2F-454D-8C51-914831435E0A}.Debug|x86.Build.0 = Debug|Win32
		{42B0C214-BB2F-454D-8C51-914831435E0A}.Release|x64.ActiveCfg = Release|x64
		{42B0C214-BB2F-454D-8C51-914831435E0A}.Release|x64.Build.0 = Release|x64
		{42B0C214-BB2F-454D-8C51-914831435E0A}.Release|x86.ActiveCfg = Release|Win32
		{42B0C214-BB2F-454D-8C51-914831435E0A}.Release|x86.Build.0 = Release|Win32
		{823250DE-9514-44BD-9C42-F4C2114FC59C}.Debug|x64.ActiveCfg = Debug|x64
		{823250DE-9514-44BD-9C42-F4C2114FC59C}.Debug|x64.Build.0 = Debug|x64
		{823250DE-9514-44BD-9C42-F4C2114FC59C}.Debug|x86.ActiveCfg = Debug|Win32
		{823250DE-9514-44BD-9C42-F4C2114FC59C}.Debug|x86.Build.0 = Debug|Win32
		{823250DE-9514-44BD-9C42-F4C2114FC59C}.Release|x64.ActiveCfg = Release|x64
		{823250DE-9514-44BD-9C42-F4C2114FC59C}.Release|x64.Build.0 = Release|x64
		{823250DE-9514-44BD-9C42-F4C2114FC59C}.Release|x86.ActiveCfg = Release|Win32
		{823250DE-9514-44BD-9C42-F4C2114FC59C}.Release|x86.Build.0 = Release|Win32
		{9CAF9BF1-0635-4B08-8625-3A75DFF0C5C2}.Debug|x64.ActiveCfg = Debug|x64
		{9CAF9BF1-0635-4B08-8625-3A75DFF0C5C2}.Debug|x64.Build.0 = Debug|x64
		{9CAF9BF1-0635-4B08-8625-3A75DFF0C5C2}.Debug|x86.ActiveCfg = Debug|Win32
		{9CAF9BF1-0635-4B08-8625-3A75DFF0C5C2}.Debug|x86.Build.0 = Debug|Win32
		{9CAF9BF1-0635-4B08-8625-3A75DFF0C5C2}.Release|x64.ActiveCfg = Release|x64
		{9CAF9BF1-0635-4B08-8625-3A75DFF0C5C2}.Release|x64.Build.0 = Release|x64
		{9CAF9BF1-0635-4B08-8625-3A75DFF0C5C2}.Release|x86.ActiveCfg = Release|Win32
		{9CAF9BF1-0635-4B08-8625-3A75DFF0C5C2}.Release|x86.Build.0 = Release|Win32
		{CE2752BF-A75E-4FBF-B47E-A0E2790D4E61}.Debug|x64.ActiveCfg = Debug|x64
		{CE2752BF-A75E-4FBF-B47E-A0E2790D4E61}.Debug|x64.Build.0 = Debug|x64
		{CE2752BF-A75E-4FBF-B47E-A0E2790D4E61}.Debug|x86.ActiveCfg = Debug|Win32
		{CE2752BF-A75E-4FBF-B47E-A0E2790D4E61}.Debug|x86.Build.0 = Debug|Win32
		{CE2752BF-A75E-4FBF-B47E-A0E2790D4E61}.Release|x64.ActiveCfg = Release|x64
		{CE2752BF-A75E-4FBF-B47E-A0E2790D4E61}.Release|x64.Build.0 = Release|x64
		{CE2752BF-A75E-4FBF-B47E-A0E2790D4E61}.Release|x86.ActiveCfg = Release|Win32
		{CE2752BF-A75E-4FBF-B47E-A0E2790D4E61}.Release|x86.Build.0 = Release|Win32
		{DE1CFC80-C5A3-423E-9BD8-156255E8BF80}.Debug|x64.ActiveCfg = Debug|x64
		{DE1CFC80-C5A3-423E-9BD8-156255E8BF80}.Debug|x64.Build.0 = Debug|x64
		{DE1CFC80-C5A3-423E-9BD8-156255E8BF80}.Debug|x86.ActiveCfg = Debug|Win32
		{DE1CFC80-C5A3-423E-9BD8-156255E8BF80}.Debug|x86.Build.0 = Debug|Win32
		{DE1CFC80-C5A3-423E-9BD8-156255E8BF80}.Release|x64.ActiveCfg = Release|x64
		{DE1CFC80-C5A3-423E-9BD8-156255E8BF80}.Release|x64.Build.0 = Release|x64
		{DE1CFC80-C5A3-423E-9BD8-156255E8BF80}.Release|x86.ActiveCfg = Release|Win32
		{DE1CFC80-C5A3-423E-9BD8-156255E8BF80}.Release|x86.Build.0 = Release|Win32
		{77154BF3-2B7C-4795-BE9F-1C28D56E09AD}.Debug|x64.ActiveCfg = Debug|x64
		{77154BF3-2B7C-4795-BE9F-1C28D56E09AD}.Debug|x64.Build.0 = Debug|x64
		{77154BF3-2B7C-4795-BE9F-1C28D56E09AD}.Debug|x86.ActiveCfg = Debug|Win32
		{77154BF3-2B7C-4795-BE9F-1C28D56E09AD}.Debug|x86.Build.0 = Debug|Win32
		{77154BF3-2B7C-4795-BE9F-1C28D56E09AD}.Release|x64.ActiveCfg = Release|x64
		{77154BF3-2B7C-4795-BE9F-1C28D56E09AD}.Release|x64.Build.0 = Release|x64
		{77154BF3-2B7C-4795-BE9F-1C28D56E09AD}.Release|x86.ActiveCfg = Release|Win32
		{77154BF3-2B7C-4795-BE9F-1C28D56E09AD}.Release|x86.Build.0 = Release|Win32
		{E8B40405-46FE-4278-AE11-4B7105156C9E}.Debug|x64.ActiveCfg = Debug|x64
		{E8B40405-46FE-4278-AE11-4B7105156C9E}.Debug|x64.Build.0 = Debug|x64
		{E8B40405-46FE-4278-AE11-4B7105156C9E}.Debug|x86.ActiveCfg = Debug|Win32
		{E8B40405-46FE-4278-AE11-4B7105156C9E}.Debug|x86.Build.0 = Debug|Win32
		{E8B40405-46FE-4278-AE11-4B7105156C9E}.Release|x64.ActiveCfg = Release|x64
		{E8B40405-46FE-4278-AE11-4B7105156C9E}.Release|x64.Build.0 = Release|x64
		{E8B40405-46FE-4278-AE11-4B7105156C9E}.Release|x86.ActiveCfg = Release|Win32
		{E8B40405-46FE-4278-AE11-4B7105156C9E}.Release|x86.Build.0 = Release|Win32
	EndGlobalSection
	GlobalSection(SolutionProperties) = preSolution
		HideSolutionNode = FALSE
	EndGlobalSection
	GlobalSection(ExtensibilityGlobals) = postSolution
		SolutionGuid = {8AA06968-1D7B-42A5-BE4F-B6724A339824}
	EndGlobalSection
EndGlobal
